
Microsoft Visual Studio Solution File, Format Version 12.00
# Visual Studio Version 17
VisualStudioVersion = 17.8.34330.188
MinimumVisualStudioVersion = 10.0.40219.1
Project("{FAE04EC0-301F-11D3-BF4B-00C04F79EFBC}") = "EmployeeTimeTracker", "EmployeeTimeTracker.csproj", "{6ABA1A02-DFD2-48DC-B7F4-FD07E7CADE05}"
EndProject
Global
	GlobalSection(SolutionConfigurationPlatforms) = preSolution
		Debug|Any CPU = Debug|Any CPU
		Release|Any CPU = Release|Any CPU
	EndGlobalSection
	GlobalSection(ProjectConfigurationPlatforms) = postSolution
		{6ABA1A02-DFD2-48DC-B7F4-FD07E7CADE05}.Debug|Any CPU.ActiveCfg = Debug|Any CPU
		{6ABA1A02-DFD2-48DC-B7F4-FD07E7CADE05}.Debug|Any CPU.Build.0 = Debug|Any CPU
		{6ABA1A02-DFD2-48DC-B7F4-FD07E7CADE05}.Release|Any CPU.ActiveCfg = Release|Any CPU
		{6ABA1A02-DFD2-48DC-B7F4-FD07E7CADE05}.Release|Any CPU.Build.0 = Release|Any CPU
	EndGlobalSection
	GlobalSection(SolutionProperties) = preSolution
		HideSolutionNode = FALSE
	EndGlobalSection
	GlobalSection(ExtensibilityGlobals) = postSolution
		SolutionGuid = {42602CD4-7ECF-4EAF-982A-70FECC748579}
	EndGlobalSection
EndGlobal
